# This file is automatically @generated by Cargo.
# It is not intended for manual editing.
version = 3

[[package]]
name = "cmwq"
version = "0.1.0"

[[package]]
name = "crypto"
version = "0.1.0"

[[package]]
name = "device-mapper"
version = "0.1.0"

[[package]]
name = "dm-sworndisk"
version = "0.1.0"
dependencies = [
 "cmwq",
 "crypto",
 "device-mapper",
]
